
Microsoft Visual Studio Solution File, Format Version 12.00
# Visual Studio Version 17
VisualStudioVersion = 17.8.34330.188
MinimumVisualStudioVersion = 10.0.40219.1
Project("{FAE04EC0-301F-11D3-BF4B-00C04F79EFBC}") = "Projeto3CamadasJeiel", "Projeto3CamadasJeiel.csproj", "{B02991F6-D849-4E53-8157-67A338AC7465}"
EndProject
Global
	GlobalSection(SolutionConfigurationPlatforms) = preSolution
		Debug|Any CPU = Debug|Any CPU
		Release|Any CPU = Release|Any CPU
	EndGlobalSection
	GlobalSection(ProjectConfigurationPlatforms) = postSolution
		{B02991F6-D849-4E53-8157-67A338AC7465}.Debug|Any CPU.ActiveCfg = Debug|Any CPU
		{B02991F6-D849-4E53-8157-67A338AC7465}.Debug|Any CPU.Build.0 = Debug|Any CPU
		{B02991F6-D849-4E53-8157-67A338AC7465}.Release|Any CPU.ActiveCfg = Release|Any CPU
		{B02991F6-D849-4E53-8157-67A338AC7465}.Release|Any CPU.Build.0 = Release|Any CPU
	EndGlobalSection
	GlobalSection(SolutionProperties) = preSolution
		HideSolutionNode = FALSE
	EndGlobalSection
	GlobalSection(ExtensibilityGlobals) = postSolution
		SolutionGuid = {68CB4423-2744-45BC-9806-49537353C7F0}
	EndGlobalSection
EndGlobal
